// !$*UTF8*$!
{
	archiveVersion = 1;
	classes = {
	};
	objectVersion = 55;
	objects = {

/* Begin PBXBuildFile section */
		F8559D8027F252FF00B438C2 /* Game2048App.swift in Sources */ = {isa = PBXBuildFile; fileRef = F8559D7F27F252FF00B438C2 /* Game2048App.swift */; };
		F8559D8227F252FF00B438C2 /* GameView.swift in Sources */ = {isa = PBXBuildFile; fileRef = F8559D8127F252FF00B438C2 /* GameView.swift */; };
		F8559D8427F2530000B438C2 /* Assets.xcassets in Resources */ = {isa = PBXBuildFile; fileRef = F8559D8327F2530000B438C2 /* Assets.xcassets */; };
		F8559D8727F2530000B438C2 /* Preview Assets.xcassets in Resources */ = {isa = PBXBuildFile; fileRef = F8559D8627F2530000B438C2 /* Preview Assets.xcassets */; };
		F8559D9127F2530000B438C2 /* Game2048Tests.swift in Sources */ = {isa = PBXBuildFile; fileRef = F8559D9027F2530000B438C2 /* Game2048Tests.swift */; };
		F8559D9B27F2530000B438C2 /* Game2048UITests.swift in Sources */ = {isa = PBXBuildFile; fileRef = F8559D9A27F2530000B438C2 /* Game2048UITests.swift */; };
		F8559D9D27F2530000B438C2 /* Game2048UITestsLaunchTests.swift in Sources */ = {isa = PBXBuildFile; fileRef = F8559D9C27F2530000B438C2 /* Game2048UITestsLaunchTests.swift */; };
		F8559DAC27F2534000B438C2 /* GameViewModel.swift in Sources */ = {isa = PBXBuildFile; fileRef = F8559DAB27F2534000B438C2 /* GameViewModel.swift */; };
		F8559DAF27F25E0D00B438C2 /* Game.swift in Sources */ = {isa = PBXBuildFile; fileRef = F8559DAE27F25E0D00B438C2 /* Game.swift */; };
		F898B17027F4805C0037CE1A /* CellView.swift in Sources */ = {isa = PBXBuildFile; fileRef = F898B16F27F4805C0037CE1A /* CellView.swift */; };
/* End PBXBuildFile section */

/* Begin PBXContainerItemProxy section */
		F8559D8D27F2530000B438C2 /* PBXContainerItemProxy */ = {
			isa = PBXContainerItemProxy;
			containerPortal = F8559D7427F252FF00B438C2 /* Project object */;
			proxyType = 1;
			remoteGlobalIDString = F8559D7B27F252FF00B438C2;
			remoteInfo = Game2048;
		};
		F8559D9727F2530000B438C2 /* PBXContainerItemProxy */ = {
			isa = PBXContainerItemProxy;
			containerPortal = F8559D7427F252FF00B438C2 /* Project object */;
			proxyType = 1;
			remoteGlobalIDString = F8559D7B27F252FF00B438C2;
			remoteInfo = Game2048;
		};
/* End PBXContainerItemProxy section */

/* Begin PBXFileReference section */
		F8559D7C27F252FF00B438C2 /* Game2048.app */ = {isa = PBXFileReference; explicitFileType = wrapper.application; includeInIndex = 0; path = Game2048.app; sourceTree = BUILT_PRODUCTS_DIR; };
		F8559D7F27F252FF00B438C2 /* Game2048App.swift */ = {isa = PBXFileReference; lastKnownFileType = sourcecode.swift; path = Game2048App.swift; sourceTree = "<group>"; };
		F8559D8127F252FF00B438C2 /* GameView.swift */ = {isa = PBXFileReference; lastKnownFileType = sourcecode.swift; path = GameView.swift; sourceTree = "<group>"; };
		F8559D8327F2530000B438C2 /* Assets.xcassets */ = {isa = PBXFileReference; lastKnownFileType = folder.assetcatalog; path = Assets.xcassets; sourceTree = "<group>"; };
		F8559D8627F2530000B438C2 /* Preview Assets.xcassets */ = {isa = PBXFileReference; lastKnownFileType = folder.assetcatalog; path = "Preview Assets.xcassets"; sourceTree = "<group>"; };
		F8559D8C27F2530000B438C2 /* Game2048Tests.xctest */ = {isa = PBXFileReference; explicitFileType = wrapper.cfbundle; includeInIndex = 0; path = Game2048Tests.xctest; sourceTree = BUILT_PRODUCTS_DIR; };
		F8559D9027F2530000B438C2 /* Game2048Tests.swift */ = {isa = PBXFileReference; lastKnownFileType = sourcecode.swift; path = Game2048Tests.swift; sourceTree = "<group>"; };
		F8559D9627F2530000B438C2 /* Game2048UITests.xctest */ = {isa = PBXFileReference; explicitFileType = wrapper.cfbundle; includeInIndex = 0; path = Game2048UITests.xctest; sourceTree = BUILT_PRODUCTS_DIR; };
		F8559D9A27F2530000B438C2 /* Game2048UITests.swift */ = {isa = PBXFileReference; lastKnownFileType = sourcecode.swift; path = Game2048UITests.swift; sourceTree = "<group>"; };
		F8559D9C27F2530000B438C2 /* Game2048UITestsLaunchTests.swift */ = {isa = PBXFileReference; lastKnownFileType = sourcecode.swift; path = Game2048UITestsLaunchTests.swift; sourceTree = "<group>"; };
		F8559DAB27F2534000B438C2 /* GameViewModel.swift */ = {isa = PBXFileReference; lastKnownFileType = sourcecode.swift; path = GameViewModel.swift; sourceTree = "<group>"; };
		F8559DAE27F25E0D00B438C2 /* Game.swift */ = {isa = PBXFileReference; lastKnownFileType = sourcecode.swift; path = Game.swift; sourceTree = "<group>"; };
		F898B16F27F4805C0037CE1A /* CellView.swift */ = {isa = PBXFileReference; lastKnownFileType = sourcecode.swift; path = CellView.swift; sourceTree = "<group>"; };
/* End PBXFileReference section */

/* Begin PBXFrameworksBuildPhase section */
		F8559D7927F252FF00B438C2 /* Frameworks */ = {
			isa = PBXFrameworksBuildPhase;
			buildActionMask = 2147483647;
			files = (
			);
			runOnlyForDeploymentPostprocessing = 0;
		};
		F8559D8927F2530000B438C2 /* Frameworks */ = {
			isa = PBXFrameworksBuildPhase;
			buildActionMask = 2147483647;
			files = (
			);
			runOnlyForDeploymentPostprocessing = 0;
		};
		F8559D9327F2530000B438C2 /* Frameworks */ = {
			isa = PBXFrameworksBuildPhase;
			buildActionMask = 2147483647;
			files = (
			);
			runOnlyForDeploymentPostprocessing = 0;
		};
/* End PBXFrameworksBuildPhase section */

/* Begin PBXGroup section */
		F8559D7327F252FF00B438C2 = {
			isa = PBXGroup;
			children = (
				F8559D7E27F252FF00B438C2 /* Game2048 */,
				F8559D8F27F2530000B438C2 /* Game2048Tests */,
				F8559D9927F2530000B438C2 /* Game2048UITests */,
				F8559D7D27F252FF00B438C2 /* Products */,
			);
			sourceTree = "<group>";
		};
		F8559D7D27F252FF00B438C2 /* Products */ = {
			isa = PBXGroup;
			children = (
				F8559D7C27F252FF00B438C2 /* Game2048.app */,
				F8559D8C27F2530000B438C2 /* Game2048Tests.xctest */,
				F8559D9627F2530000B438C2 /* Game2048UITests.xctest */,
			);
			name = Products;
			sourceTree = "<group>";
		};
		F8559D7E27F252FF00B438C2 /* Game2048 */ = {
			isa = PBXGroup;
			children = (
				F8559D7F27F252FF00B438C2 /* Game2048App.swift */,
				F8559DAD27F254D000B438C2 /* Game */,
				F8559D8327F2530000B438C2 /* Assets.xcassets */,
				F8559D8527F2530000B438C2 /* Preview Content */,
			);
			path = Game2048;
			sourceTree = "<group>";
		};
		F8559D8527F2530000B438C2 /* Preview Content */ = {
			isa = PBXGroup;
			children = (
				F8559D8627F2530000B438C2 /* Preview Assets.xcassets */,
			);
			path = "Preview Content";
			sourceTree = "<group>";
		};
		F8559D8F27F2530000B438C2 /* Game2048Tests */ = {
			isa = PBXGroup;
			children = (
				F8559D9027F2530000B438C2 /* Game2048Tests.swift */,
			);
			path = Game2048Tests;
			sourceTree = "<group>";
		};
		F8559D9927F2530000B438C2 /* Game2048UITests */ = {
			isa = PBXGroup;
			children = (
				F8559D9A27F2530000B438C2 /* Game2048UITests.swift */,
				F8559D9C27F2530000B438C2 /* Game2048UITestsLaunchTests.swift */,
			);
			path = Game2048UITests;
			sourceTree = "<group>";
		};
		F8559DAD27F254D000B438C2 /* Game */ = {
			isa = PBXGroup;
			children = (
				F898B16F27F4805C0037CE1A /* CellView.swift */,
				F8559D8127F252FF00B438C2 /* GameView.swift */,
				F8559DAB27F2534000B438C2 /* GameViewModel.swift */,
				F8559DAE27F25E0D00B438C2 /* Game.swift */,
			);
			path = Game;
			sourceTree = "<group>";
		};
/* End PBXGroup section */

/* Begin PBXNativeTarget section */
		F8559D7B27F252FF00B438C2 /* Game2048 */ = {
			isa = PBXNativeTarget;
			buildConfigurationList = F8559DA027F2530000B438C2 /* Build configuration list for PBXNativeTarget "Game2048" */;
			buildPhases = (
				F8559D7827F252FF00B438C2 /* Sources */,
				F8559D7927F252FF00B438C2 /* Frameworks */,
				F8559D7A27F252FF00B438C2 /* Resources */,
			);
			buildRules = (
			);
			dependencies = (
			);
			name = Game2048;
			productName = Game2048;
			productReference = F8559D7C27F252FF00B438C2 /* Game2048.app */;
			productType = "com.apple.product-type.application";
		};
		F8559D8B27F2530000B438C2 /* Game2048Tests */ = {
			isa = PBXNativeTarget;
			buildConfigurationList = F8559DA327F2530000B438C2 /* Build configuration list for PBXNativeTarget "Game2048Tests" */;
			buildPhases = (
				F8559D8827F2530000B438C2 /* Sources */,
				F8559D8927F2530000B438C2 /* Frameworks */,
				F8559D8A27F2530000B438C2 /* Resources */,
			);
			buildRules = (
			);
			dependencies = (
				F8559D8E27F2530000B438C2 /* PBXTargetDependency */,
			);
			name = Game2048Tests;
			productName = Game2048Tests;
			productReference = F8559D8C27F2530000B438C2 /* Game2048Tests.xctest */;
			productType = "com.apple.product-type.bundle.unit-test";
		};
		F8559D9527F2530000B438C2 /* Game2048UITests */ = {
			isa = PBXNativeTarget;
			buildConfigurationList = F8559DA627F2530000B438C2 /* Build configuration list for PBXNativeTarget "Game2048UITests" */;
			buildPhases = (
				F8559D9227F2530000B438C2 /* Sources */,
				F8559D9327F2530000B438C2 /* Frameworks */,
				F8559D9427F2530000B438C2 /* Resources */,
			);
			buildRules = (
			);
			dependencies = (
				F8559D9827F2530000B438C2 /* PBXTargetDependency */,
			);
			name = Game2048UITests;
			productName = Game2048UITests;
			productReference = F8559D9627F2530000B438C2 /* Game2048UITests.xctest */;
			productType = "com.apple.product-type.bundle.ui-testing";
		};
/* End PBXNativeTarget section */

/* Begin PBXProject section */
		F8559D7427F252FF00B438C2 /* Project object */ = {
			isa = PBXProject;
			attributes = {
				BuildIndependentTargetsInParallel = 1;
				LastSwiftUpdateCheck = 1300;
				LastUpgradeCheck = 1300;
				TargetAttributes = {
					F8559D7B27F252FF00B438C2 = {
						CreatedOnToolsVersion = 13.0;
					};
					F8559D8B27F2530000B438C2 = {
						CreatedOnToolsVersion = 13.0;
						TestTargetID = F8559D7B27F252FF00B438C2;
					};
					F8559D9527F2530000B438C2 = {
						CreatedOnToolsVersion = 13.0;
						TestTargetID = F8559D7B27F252FF00B438C2;
					};
				};
			};
			buildConfigurationList = F8559D7727F252FF00B438C2 /* Build configuration list for PBXProject "Game2048" */;
			compatibilityVersion = "Xcode 13.0";
			developmentRegion = en;
			hasScannedForEncodings = 0;
			knownRegions = (
				en,
				Base,
			);
			mainGroup = F8559D7327F252FF00B438C2;
			productRefGroup = F8559D7D27F252FF00B438C2 /* Products */;
			projectDirPath = "";
			projectRoot = "";
			targets = (
				F8559D7B27F252FF00B438C2 /* Game2048 */,
				F8559D8B27F2530000B438C2 /* Game2048Tests */,
				F8559D9527F2530000B438C2 /* Game2048UITests */,
			);
		};
/* End PBXProject section */

/* Begin PBXResourcesBuildPhase section */
		F8559D7A27F252FF00B438C2 /* Resources */ = {
			isa = PBXResourcesBuildPhase;
			buildActionMask = 2147483647;
			files = (
				F8559D8727F2530000B438C2 /* Preview Assets.xcassets in Resources */,
				F8559D8427F2530000B438C2 /* Assets.xcassets in Resources */,
			);
			runOnlyForDeploymentPostprocessing = 0;
		};
		F8559D8A27F2530000B438C2 /* Resources */ = {
			isa = PBXResourcesBuildPhase;
			buildActionMask = 2147483647;
			files = (
			);
			runOnlyForDeploymentPostprocessing = 0;
		};
		F8559D9427F2530000B438C2 /* Resources */ = {
			isa = PBXResourcesBuildPhase;
			buildActionMask = 2147483647;
			files = (
			);
			runOnlyForDeploymentPostprocessing = 0;
		};
/* End PBXResourcesBuildPhase section */

/* Begin PBXSourcesBuildPhase section */
		F8559D7827F252FF00B438C2 /* Sources */ = {
			isa = PBXSourcesBuildPhase;
			buildActionMask = 2147483647;
			files = (
				F8559DAC27F2534000B438C2 /* GameViewModel.swift in Sources */,
				F898B17027F4805C0037CE1A /* CellView.swift in Sources */,
				F8559D8227F252FF00B438C2 /* GameView.swift in Sources */,
				F8559D8027F252FF00B438C2 /* Game2048App.swift in Sources */,
				F8559DAF27F25E0D00B438C2 /* Game.swift in Sources */,
			);
			runOnlyForDeploymentPostprocessing = 0;
		};
		F8559D8827F2530000B438C2 /* Sources */ = {
			isa = PBXSourcesBuildPhase;
			buildActionMask = 2147483647;
			files = (
				F8559D9127F2530000B438C2 /* Game2048Tests.swift in Sources */,
			);
			runOnlyForDeploymentPostprocessing = 0;
		};
		F8559D9227F2530000B438C2 /* Sources */ = {
			isa = PBXSourcesBuildPhase;
			buildActionMask = 2147483647;
			files = (
				F8559D9D27F2530000B438C2 /* Game2048UITestsLaunchTests.swift in Sources */,
				F8559D9B27F2530000B438C2 /* Game2048UITests.swift in Sources */,
			);
			runOnlyForDeploymentPostprocessing = 0;
		};
/* End PBXSourcesBuildPhase section */

/* Begin PBXTargetDependency section */
		F8559D8E27F2530000B438C2 /* PBXTargetDependency */ = {
			isa = PBXTargetDependency;
			target = F8559D7B27F252FF00B438C2 /* Game2048 */;
			targetProxy = F8559D8D27F2530000B438C2 /* PBXContainerItemProxy */;
		};
		F8559D9827F2530000B438C2 /* PBXTargetDependency */ = {
			isa = PBXTargetDependency;
			target = F8559D7B27F252FF00B438C2 /* Game2048 */;
			targetProxy = F8559D9727F2530000B438C2 /* PBXContainerItemProxy */;
		};
/* End PBXTargetDependency section */

/* Begin XCBuildConfiguration section */
		F8559D9E27F2530000B438C2 /* Debug */ = {
			isa = XCBuildConfiguration;
			buildSettings = {
				ALWAYS_SEARCH_USER_PATHS = NO;
				CLANG_ANALYZER_NONNULL = YES;
				CLANG_ANALYZER_NUMBER_OBJECT_CONVERSION = YES_AGGRESSIVE;
				CLANG_CXX_LANGUAGE_STANDARD = "gnu++17";
				CLANG_CXX_LIBRARY = "libc++";
				CLANG_ENABLE_MODULES = YES;
				CLANG_ENABLE_OBJC_ARC = YES;
				CLANG_ENABLE_OBJC_WEAK = YES;
				CLANG_WARN_BLOCK_CAPTURE_AUTORELEASING = YES;
				CLANG_WARN_BOOL_CONVERSION = YES;
				CLANG_WARN_COMMA = YES;
				CLANG_WARN_CONSTANT_CONVERSION = YES;
				CLANG_WARN_DEPRECATED_OBJC_IMPLEMENTATIONS = YES;
				CLANG_WARN_DIRECT_OBJC_ISA_USAGE = YES_ERROR;
				CLANG_WARN_DOCUMENTATION_COMMENTS = YES;
				CLANG_WARN_EMPTY_BODY = YES;
				CLANG_WARN_ENUM_CONVERSION = YES;
				CLANG_WARN_INFINITE_RECURSION = YES;
				CLANG_WARN_INT_CONVERSION = YES;
				CLANG_WARN_NON_LITERAL_NULL_CONVERSION = YES;
				CLANG_WARN_OBJC_IMPLICIT_RETAIN_SELF = YES;
				CLANG_WARN_OBJC_LITERAL_CONVERSION = YES;
				CLANG_WARN_OBJC_ROOT_CLASS = YES_ERROR;
				CLANG_WARN_QUOTED_INCLUDE_IN_FRAMEWORK_HEADER = YES;
				CLANG_WARN_RANGE_LOOP_ANALYSIS = YES;
				CLANG_WARN_STRICT_PROTOTYPES = YES;
				CLANG_WARN_SUSPICIOUS_MOVE = YES;
				CLANG_WARN_UNGUARDED_AVAILABILITY = YES_AGGRESSIVE;
				CLANG_WARN_UNREACHABLE_CODE = YES;
				CLANG_WARN__DUPLICATE_METHOD_MATCH = YES;
				COPY_PHASE_STRIP = NO;
				DEBUG_INFORMATION_FORMAT = dwarf;
				ENABLE_STRICT_OBJC_MSGSEND = YES;
				ENABLE_TESTABILITY = YES;
				GCC_C_LANGUAGE_STANDARD = gnu11;
				GCC_DYNAMIC_NO_PIC = NO;
				GCC_NO_COMMON_BLOCKS = YES;
				GCC_OPTIMIZATION_LEVEL = 0;
				GCC_PREPROCESSOR_DEFINITIONS = (
					"DEBUG=1",
					"$(inherited)",
				);
				GCC_WARN_64_TO_32_BIT_CONVERSION = YES;
				GCC_WARN_ABOUT_RETURN_TYPE = YES_ERROR;
				GCC_WARN_UNDECLARED_SELECTOR = YES;
				GCC_WARN_UNINITIALIZED_AUTOS = YES_AGGRESSIVE;
				GCC_WARN_UNUSED_FUNCTION = YES;
				GCC_WARN_UNUSED_VARIABLE = YES;
				IPHONEOS_DEPLOYMENT_TARGET = 15.0;
				MTL_ENABLE_DEBUG_INFO = INCLUDE_SOURCE;
				MTL_FAST_MATH = YES;
				ONLY_ACTIVE_ARCH = YES;
				SDKROOT = iphoneos;
				SWIFT_ACTIVE_COMPILATION_CONDITIONS = DEBUG;
				SWIFT_OPTIMIZATION_LEVEL = "-Onone";
			};
			name = Debug;
		};
		F8559D9F27F2530000B438C2 /* Release */ = {
			isa = XCBuildConfiguration;
			buildSettings = {
				ALWAYS_SEARCH_USER_PATHS = NO;
				CLANG_ANALYZER_NONNULL = YES;
				CLANG_ANALYZER_NUMBER_OBJECT_CONVERSION = YES_AGGRESSIVE;
				CLANG_CXX_LANGUAGE_STANDARD = "gnu++17";
				CLANG_CXX_LIBRARY = "libc++";
				CLANG_ENABLE_MODULES = YES;
				CLANG_ENABLE_OBJC_ARC = YES;
				CLANG_ENABLE_OBJC_WEAK = YES;
				CLANG_WARN_BLOCK_CAPTURE_AUTORELEASING = YES;
				CLANG_WARN_BOOL_CONVERSION = YES;
				CLANG_WARN_COMMA = YES;
				CLANG_WARN_CONSTANT_CONVERSION = YES;
				CLANG_WARN_DEPRECATED_OBJC_IMPLEMENTATIONS = YES;
				CLANG_WARN_DIRECT_OBJC_ISA_USAGE = YES_ERROR;
				CLANG_WARN_DOCUMENTATION_COMMENTS = YES;
				CLANG_WARN_EMPTY_BODY = YES;
				CLANG_WARN_ENUM_CONVERSION = YES;
				CLANG_WARN_INFINITE_RECURSION = YES;
				CLANG_WARN_INT_CONVERSION = YES;
				CLANG_WARN_NON_LITERAL_NULL_CONVERSION = YES;
				CLANG_WARN_OBJC_IMPLICIT_RETAIN_SELF = YES;
				CLANG_WARN_OBJC_LITERAL_CONVERSION = YES;
				CLANG_WARN_OBJC_ROOT_CLASS = YES_ERROR;
				CLANG_WARN_QUOTED_INCLUDE_IN_FRAMEWORK_HEADER = YES;
				CLANG_WARN_RANGE_LOOP_ANALYSIS = YES;
				CLANG_WARN_STRICT_PROTOTYPES = YES;
				CLANG_WARN_SUSPICIOUS_MOVE = YES;
				CLANG_WARN_UNGUARDED_AVAILABILITY = YES_AGGRESSIVE;
				CLANG_WARN_UNREACHABLE_CODE = YES;
				CLANG_WARN__DUPLICATE_METHOD_MATCH = YES;
				COPY_PHASE_STRIP = NO;
				DEBUG_INFORMATION_FORMAT = "dwarf-with-dsym";
				ENABLE_NS_ASSERTIONS = NO;
				ENABLE_STRICT_OBJC_MSGSEND = YES;
				GCC_C_LANGUAGE_STANDARD = gnu11;
				GCC_NO_COMMON_BLOCKS = YES;
				GCC_WARN_64_TO_32_BIT_CONVERSION = YES;
				GCC_WARN_ABOUT_RETURN_TYPE = YES_ERROR;
				GCC_WARN_UNDECLARED_SELECTOR = YES;
				GCC_WARN_UNINITIALIZED_AUTOS = YES_AGGRESSIVE;
				GCC_WARN_UNUSED_FUNCTION = YES;
				GCC_WARN_UNUSED_VARIABLE = YES;
				IPHONEOS_DEPLOYMENT_TARGET = 15.0;
				MTL_ENABLE_DEBUG_INFO = NO;
				MTL_FAST_MATH = YES;
				SDKROOT = iphoneos;
				SWIFT_COMPILATION_MODE = wholemodule;
				SWIFT_OPTIMIZATION_LEVEL = "-O";
				VALIDATE_PRODUCT = YES;
			};
			name = Release;
		};
		F8559DA127F2530000B438C2 /* Debug */ = {
			isa = XCBuildConfiguration;
			buildSettings = {
				ASSETCATALOG_COMPILER_APPICON_NAME = AppIcon;
				ASSETCATALOG_COMPILER_GLOBAL_ACCENT_COLOR_NAME = AccentColor;
				CODE_SIGN_IDENTITY = "Apple Development";
				CODE_SIGN_STYLE = Automatic;
				CURRENT_PROJECT_VERSION = 1;
				DEVELOPMENT_ASSET_PATHS = "\"Game2048/Preview Content\"";
				DEVELOPMENT_TEAM = Y94WMCGB23;
				ENABLE_PREVIEWS = YES;
				GENERATE_INFOPLIST_FILE = YES;
				INFOPLIST_KEY_UIApplicationSceneManifest_Generation = YES;
				INFOPLIST_KEY_UIApplicationSupportsIndirectInputEvents = YES;
				INFOPLIST_KEY_UILaunchScreen_Generation = YES;
				INFOPLIST_KEY_UISupportedInterfaceOrientations_iPad = "UIInterfaceOrientationPortrait UIInterfaceOrientationPortraitUpsideDown UIInterfaceOrientationLandscapeLeft UIInterfaceOrientationLandscapeRight";
				INFOPLIST_KEY_UISupportedInterfaceOrientations_iPhone = "UIInterfaceOrientationPortrait UIInterfaceOrientationLandscapeLeft UIInterfaceOrientationLandscapeRight";
				IPHONEOS_DEPLOYMENT_TARGET = 14.0;
				LD_RUNPATH_SEARCH_PATHS = (
					"$(inherited)",
					"@executable_path/Frameworks",
				);
				MARKETING_VERSION = 1.0;
				PRODUCT_BUNDLE_IDENTIFIER = com.xubuntus.Game2048New;
				PRODUCT_NAME = "$(TARGET_NAME)";
				PROVISIONING_PROFILE_SPECIFIER = "";
				SWIFT_EMIT_LOC_STRINGS = YES;
				SWIFT_VERSION = 5.0;
				TARGETED_DEVICE_FAMILY = "1,2";
			};
			name = Debug;
		};
		F8559DA227F2530000B438C2 /* Release */ = {
			isa = XCBuildConfiguration;
			buildSettings = {
				ASSETCATALOG_COMPILER_APPICON_NAME = AppIcon;
				ASSETCATALOG_COMPILER_GLOBAL_ACCENT_COLOR_NAME = AccentColor;
				CODE_SIGN_IDENTITY = "Apple Development";
				CODE_SIGN_STYLE = Automatic;
				CURRENT_PROJECT_VERSION = 1;
				DEVELOPMENT_ASSET_PATHS = "\"Game2048/Preview Content\"";
				DEVELOPMENT_TEAM = Y94WMCGB23;
				ENABLE_PREVIEWS = YES;
				GENERATE_INFOPLIST_FILE = YES;
				INFOPLIST_KEY_UIApplicationSceneManifest_Generation = YES;
				INFOPLIST_KEY_UIApplicationSupportsIndirectInputEvents = YES;
				INFOPLIST_KEY_UILaunchScreen_Generation = YES;
				INFOPLIST_KEY_UISupportedInterfaceOrientations_iPad = "UIInterfaceOrientationPortrait UIInterfaceOrientationPortraitUpsideDown UIInterfaceOrientationLandscapeLeft UIInterfaceOrientationLandscapeRight";
				INFOPLIST_KEY_UISupportedInterfaceOrientations_iPhone = "UIInterfaceOrientationPortrait UIInterfaceOrientationLandscapeLeft UIInterfaceOrientationLandscapeRight";
				IPHONEOS_DEPLOYMENT_TARGET = 14.0;
				LD_RUNPATH_SEARCH_PATHS = (
					"$(inherited)",
					"@executable_path/Frameworks",
				);
				MARKETING_VERSION = 1.0;
				PRODUCT_BUNDLE_IDENTIFIER = com.xubuntus.Game2048New;
				PRODUCT_NAME = "$(TARGET_NAME)";
				PROVISIONING_PROFILE_SPECIFIER = "";
				SWIFT_EMIT_LOC_STRINGS = YES;
				SWIFT_VERSION = 5.0;
				TARGETED_DEVICE_FAMILY = "1,2";
			};
			name = Release;
		};
		F8559DA427F2530000B438C2 /* Debug */ = {
			isa = XCBuildConfiguration;
			buildSettings = {
				ALWAYS_EMBED_SWIFT_STANDARD_LIBRARIES = YES;
				BUNDLE_LOADER = "$(TEST_HOST)";
				CODE_SIGN_STYLE = Automatic;
				CURRENT_PROJECT_VERSION = 1;
				DEVELOPMENT_TEAM = Y94WMCGB23;
				GENERATE_INFOPLIST_FILE = YES;
				IPHONEOS_DEPLOYMENT_TARGET = 14.0;
				LD_RUNPATH_SEARCH_PATHS = (
					"$(inherited)",
					"@executable_path/Frameworks",
					"@loader_path/Frameworks",
				);
				MARKETING_VERSION = 1.0;
				PRODUCT_BUNDLE_IDENTIFIER = com.xubuntus.Game2048Tests;
				PRODUCT_NAME = "$(TARGET_NAME)";
				SWIFT_EMIT_LOC_STRINGS = NO;
				SWIFT_VERSION = 5.0;
				TARGETED_DEVICE_FAMILY = "1,2";
				TEST_HOST = "$(BUILT_PRODUCTS_DIR)/Game2048.app/Game2048";
			};
			name = Debug;
		};
		F8559DA527F2530000B438C2 /* Release */ = {
			isa = XCBuildConfiguration;
			buildSettings = {
				ALWAYS_EMBED_SWIFT_STANDARD_LIBRARIES = YES;
				BUNDLE_LOADER = "$(TEST_HOST)";
				CODE_SIGN_STYLE = Automatic;
				CURRENT_PROJECT_VERSION = 1;
				DEVELOPMENT_TEAM = Y94WMCGB23;
				GENERATE_INFOPLIST_FILE = YES;
				IPHONEOS_DEPLOYMENT_TARGET = 14.0;
				LD_RUNPATH_SEARCH_PATHS = (
					"$(inherited)",
					"@executable_path/Frameworks",
					"@loader_path/Frameworks",
				);
				MARKETING_VERSION = 1.0;
				PRODUCT_BUNDLE_IDENTIFIER = com.xubuntus.Game2048Tests;
				PRODUCT_NAME = "$(TARGET_NAME)";
				SWIFT_EMIT_LOC_STRINGS = NO;
				SWIFT_VERSION = 5.0;
				TARGETED_DEVICE_FAMILY = "1,2";
				TEST_HOST = "$(BUILT_PRODUCTS_DIR)/Game2048.app/Game2048";
			};
			name = Release;
		};
		F8559DA727F2530000B438C2 /* Debug */ = {
			isa = XCBuildConfiguration;
			buildSettings = {
				ALWAYS_EMBED_SWIFT_STANDARD_LIBRARIES = YES;
				CODE_SIGN_STYLE = Automatic;
				CURRENT_PROJECT_VERSION = 1;
				DEVELOPMENT_TEAM = Y94WMCGB23;
				GENERATE_INFOPLIST_FILE = YES;
				LD_RUNPATH_SEARCH_PATHS = (
					"$(inherited)",
					"@executable_path/Frameworks",
					"@loader_path/Frameworks",
				);
				MARKETING_VERSION = 1.0;
				PRODUCT_BUNDLE_IDENTIFIER = com.xubuntus.Game2048UITests;
				PRODUCT_NAME = "$(TARGET_NAME)";
				SWIFT_EMIT_LOC_STRINGS = NO;
				SWIFT_VERSION = 5.0;
				TARGETED_DEVICE_FAMILY = "1,2";
				TEST_TARGET_NAME = Game2048;
			};
			name = Debug;
		};
		F8559DA827F2530000B438C2 /* Release */ = {
			isa = XCBuildConfiguration;
			buildSettings = {
				ALWAYS_EMBED_SWIFT_STANDARD_LIBRARIES = YES;
				CODE_SIGN_STYLE = Automatic;
				CURRENT_PROJECT_VERSION = 1;
				DEVELOPMENT_TEAM = Y94WMCGB23;
				GENERATE_INFOPLIST_FILE = YES;
				LD_RUNPATH_SEARCH_PATHS = (
					"$(inherited)",
					"@executable_path/Frameworks",
					"@loader_path/Frameworks",
				);
				MARKETING_VERSION = 1.0;
				PRODUCT_BUNDLE_IDENTIFIER = com.xubuntus.Game2048UITests;
				PRODUCT_NAME = "$(TARGET_NAME)";
				SWIFT_EMIT_LOC_STRINGS = NO;
				SWIFT_VERSION = 5.0;
				TARGETED_DEVICE_FAMILY = "1,2";
				TEST_TARGET_NAME = Game2048;
			};
			name = Release;
		};
/* End XCBuildConfiguration section */

/* Begin XCConfigurationList section */
		F8559D7727F252FF00B438C2 /* Build configuration list for PBXProject "Game2048" */ = {
			isa = XCConfigurationList;
			buildConfigurations = (
				F8559D9E27F2530000B438C2 /* Debug */,
				F8559D9F27F2530000B438C2 /* Release */,
			);
			defaultConfigurationIsVisible = 0;
			defaultConfigurationName = Release;
		};
		F8559DA027F2530000B438C2 /* Build configuration list for PBXNativeTarget "Game2048" */ = {
			isa = XCConfigurationList;
			buildConfigurations = (
				F8559DA127F2530000B438C2 /* Debug */,
				F8559DA227F2530000B438C2 /* Release */,
			);
			defaultConfigurationIsVisible = 0;
			defaultConfigurationName = Release;
		};
		F8559DA327F2530000B438C2 /* Build configuration list for PBXNativeTarget "Game2048Tests" */ = {
			isa = XCConfigurationList;
			buildConfigurations = (
				F8559DA427F2530000B438C2 /* Debug */,
				F8559DA527F2530000B438C2 /* Release */,
			);
			defaultConfigurationIsVisible = 0;
			defaultConfigurationName = Release;
		};
		F8559DA627F2530000B438C2 /* Build configuration list for PBXNativeTarget "Game2048UITests" */ = {
			isa = XCConfigurationList;
			buildConfigurations = (
				F8559DA727F2530000B438C2 /* Debug */,
				F8559DA827F2530000B438C2 /* Release */,
			);
			defaultConfigurationIsVisible = 0;
			defaultConfigurationName = Release;
		};
/* End XCConfigurationList section */
	};
	rootObject = F8559D7427F252FF00B438C2 /* Project object */;
}
